// !$*UTF8*$!
{
	archiveVersion = 1;
	classes = {
	};
	objectVersion = 46;
	objects = {

/* Begin PBXBuildFile section */
		7232EC791B256E3F00AC5763 /* libPayPalMobile.a in Frameworks */ = {isa = PBXBuildFile; fileRef = 7232EC711B256E3F00AC5763 /* libPayPalMobile.a */; };
		7232EC7B1B256E8E00AC5763 /* Accelerate.framework in Frameworks */ = {isa = PBXBuildFile; fileRef = 7232EC7A1B256E8E00AC5763 /* Accelerate.framework */; };
		7232EC7D1B256E9B00AC5763 /* AVFoundation.framework in Frameworks */ = {isa = PBXBuildFile; fileRef = 7232EC7C1B256E9A00AC5763 /* AVFoundation.framework */; };
		7232EC7F1B256EAB00AC5763 /* CoreMedia.framework in Frameworks */ = {isa = PBXBuildFile; fileRef = 7232EC7E1B256EAB00AC5763 /* CoreMedia.framework */; };
		7232EC811B256EB300AC5763 /* MessageUI.framework in Frameworks */ = {isa = PBXBuildFile; fileRef = 7232EC801B256EB300AC5763 /* MessageUI.framework */; };
		7232EC881B25727600AC5763 /* Social.framework in Frameworks */ = {isa = PBXBuildFile; fileRef = 7232EC871B25727600AC5763 /* Social.framework */; };
		7232EC8A1B25727E00AC5763 /* Accounts.framework in Frameworks */ = {isa = PBXBuildFile; fileRef = 7232EC891B25727E00AC5763 /* Accounts.framework */; };
		7232EC8C1B2577CD00AC5763 /* BetPageViewController.swift in Sources */ = {isa = PBXBuildFile; fileRef = 7232EC8B1B2577CD00AC5763 /* BetPageViewController.swift */; };
		72BFC1031B1469E9005683CD /* AppDelegate.swift in Sources */ = {isa = PBXBuildFile; fileRef = 72BFC1021B1469E9005683CD /* AppDelegate.swift */; };
		72BFC10A1B1469E9005683CD /* Main.storyboard in Resources */ = {isa = PBXBuildFile; fileRef = 72BFC1081B1469E9005683CD /* Main.storyboard */; };
		72BFC10C1B1469E9005683CD /* Images.xcassets in Resources */ = {isa = PBXBuildFile; fileRef = 72BFC10B1B1469E9005683CD /* Images.xcassets */; };
		72BFC10F1B1469E9005683CD /* LaunchScreen.xib in Resources */ = {isa = PBXBuildFile; fileRef = 72BFC10D1B1469E9005683CD /* LaunchScreen.xib */; };
		72BFC11B1B1469E9005683CD /* BettingTests.swift in Sources */ = {isa = PBXBuildFile; fileRef = 72BFC11A1B1469E9005683CD /* BettingTests.swift */; };
		72BFC1251B146E84005683CD /* SoccerTableViewCell.swift in Sources */ = {isa = PBXBuildFile; fileRef = 72BFC1241B146E84005683CD /* SoccerTableViewCell.swift */; };
		72BFC1271B146E95005683CD /* SoccerTableViewController.swift in Sources */ = {isa = PBXBuildFile; fileRef = 72BFC1261B146E95005683CD /* SoccerTableViewController.swift */; };
		72BFC1341B146FA4005683CD /* background 1.png in Resources */ = {isa = PBXBuildFile; fileRef = 72BFC1291B146FA4005683CD /* background 1.png */; };
		72BFC1351B146FA4005683CD /* background 2.png in Resources */ = {isa = PBXBuildFile; fileRef = 72BFC12A1B146FA4005683CD /* background 2.png */; };
		72BFC1361B146FA4005683CD /* background 3.png in Resources */ = {isa = PBXBuildFile; fileRef = 72BFC12B1B146FA4005683CD /* background 3.png */; };
		72BFC1371B146FA4005683CD /* dota blue.png in Resources */ = {isa = PBXBuildFile; fileRef = 72BFC12C1B146FA4005683CD /* dota blue.png */; };
		72BFC1381B146FA4005683CD /* dota.png in Resources */ = {isa = PBXBuildFile; fileRef = 72BFC12D1B146FA4005683CD /* dota.png */; };
		72BFC1391B146FA4005683CD /* football blue.png in Resources */ = {isa = PBXBuildFile; fileRef = 72BFC12E1B146FA4005683CD /* football blue.png */; };
		72BFC13A1B146FA4005683CD /* football.png in Resources */ = {isa = PBXBuildFile; fileRef = 72BFC12F1B146FA4005683CD /* football.png */; };
		72BFC13B1B146FA4005683CD /* News-Icon blue.png in Resources */ = {isa = PBXBuildFile; fileRef = 72BFC1301B146FA4005683CD /* News-Icon blue.png */; };
		72BFC13C1B146FA4005683CD /* News-Icon.png in Resources */ = {isa = PBXBuildFile; fileRef = 72BFC1311B146FA4005683CD /* News-Icon.png */; };
		72BFC13D1B146FA4005683CD /* settings blue.png in Resources */ = {isa = PBXBuildFile; fileRef = 72BFC1321B146FA4005683CD /* settings blue.png */; };
		72BFC13E1B146FA4005683CD /* settings.png in Resources */ = {isa = PBXBuildFile; fileRef = 72BFC1331B146FA4005683CD /* settings.png */; };
		72BFC1401B147E8A005683CD /* SoccerData.swift in Sources */ = {isa = PBXBuildFile; fileRef = 72BFC13F1B147E8A005683CD /* SoccerData.swift */; };
		72C249021B1D55CB0038AC71 /* DetailViewController.swift in Sources */ = {isa = PBXBuildFile; fileRef = 72C249011B1D55CB0038AC71 /* DetailViewController.swift */; };
		72C249041B1D98D30038AC71 /* DetailTableViewCell.swift in Sources */ = {isa = PBXBuildFile; fileRef = 72C249031B1D98D30038AC71 /* DetailTableViewCell.swift */; };
		72C2D3F31B16ED5D00E5CCB0 /* SoccerMatch.swift in Sources */ = {isa = PBXBuildFile; fileRef = 72C2D3F21B16ED5D00E5CCB0 /* SoccerMatch.swift */; };
		72C2D3F51B16F5ED00E5CCB0 /* SoccerLiveEvent.swift in Sources */ = {isa = PBXBuildFile; fileRef = 72C2D3F41B16F5ED00E5CCB0 /* SoccerLiveEvent.swift */; };
		72CEB0CE1B1580150097B317 /* libz.dylib in Frameworks */ = {isa = PBXBuildFile; fileRef = 72CEB0CD1B1580150097B317 /* libz.dylib */; };
		72CEB0D01B15801D0097B317 /* libsqlite3.dylib in Frameworks */ = {isa = PBXBuildFile; fileRef = 72CEB0CF1B15801D0097B317 /* libsqlite3.dylib */; };
		72CEB0E41B15817F0097B317 /* CoreLocation.framework in Frameworks */ = {isa = PBXBuildFile; fileRef = 72CEB0E31B15817F0097B317 /* CoreLocation.framework */; };
		72CEB0E61B15820E0097B317 /* AudioToolbox.framework in Frameworks */ = {isa = PBXBuildFile; fileRef = 72CEB0E51B15820E0097B317 /* AudioToolbox.framework */; };
		72CEB0E81B1582150097B317 /* CFNetwork.framework in Frameworks */ = {isa = PBXBuildFile; fileRef = 72CEB0E71B1582150097B317 /* CFNetwork.framework */; };
		72CEB0EA1B15822D0097B317 /* MobileCoreServices.framework in Frameworks */ = {isa = PBXBuildFile; fileRef = 72CEB0E91B15822D0097B317 /* MobileCoreServices.framework */; };
		72CEB0EC1B1582370097B317 /* CoreGraphics.framework in Frameworks */ = {isa = PBXBuildFile; fileRef = 72CEB0EB1B1582370097B317 /* CoreGraphics.framework */; };
		72CEB0EE1B15823F0097B317 /* Security.framework in Frameworks */ = {isa = PBXBuildFile; fileRef = 72CEB0ED1B15823F0097B317 /* Security.framework */; };
		72CEB0F01B1582430097B317 /* QuartzCore.framework in Frameworks */ = {isa = PBXBuildFile; fileRef = 72CEB0EF1B1582430097B317 /* QuartzCore.framework */; };
		72CEB0F21B15824A0097B317 /* StoreKit.framework in Frameworks */ = {isa = PBXBuildFile; fileRef = 72CEB0F11B15824A0097B317 /* StoreKit.framework */; };
		72CEB0F41B1582500097B317 /* SystemConfiguration.framework in Frameworks */ = {isa = PBXBuildFile; fileRef = 72CEB0F31B1582500097B317 /* SystemConfiguration.framework */; };
		72CEB1081B15850E0097B317 /* Bolts.framework in Frameworks */ = {isa = PBXBuildFile; fileRef = 72CEB1021B15850E0097B317 /* Bolts.framework */; };
		72CEB1091B15850E0097B317 /* Parse.framework in Frameworks */ = {isa = PBXBuildFile; fileRef = 72CEB1031B15850E0097B317 /* Parse.framework */; };
		72CEB10D1B15850E0097B317 /* ParseUI.framework in Frameworks */ = {isa = PBXBuildFile; fileRef = 72CEB1071B15850E0097B317 /* ParseUI.framework */; };
		72CEB10F1B159C770097B317 /* LoginViewController.swift in Sources */ = {isa = PBXBuildFile; fileRef = 72CEB10E1B159C770097B317 /* LoginViewController.swift */; };
/* End PBXBuildFile section */

/* Begin PBXContainerItemProxy section */
		72BFC1151B1469E9005683CD /* PBXContainerItemProxy */ = {
			isa = PBXContainerItemProxy;
			containerPortal = 72BFC0F51B1469E9005683CD /* Project object */;
			proxyType = 1;
			remoteGlobalIDString = 72BFC0FC1B1469E9005683CD;
			remoteInfo = Betting;
		};
/* End PBXContainerItemProxy section */

/* Begin PBXFileReference section */
		7232EC691B256E3F00AC5763 /* CardIO.h */ = {isa = PBXFileReference; fileEncoding = 4; lastKnownFileType = sourcecode.c.h; path = CardIO.h; sourceTree = "<group>"; };
		7232EC6A1B256E3F00AC5763 /* CardIOCreditCardInfo.h */ = {isa = PBXFileReference; fileEncoding = 4; lastKnownFileType = sourcecode.c.h; path = CardIOCreditCardInfo.h; sourceTree = "<group>"; };
		7232EC6B1B256E3F00AC5763 /* CardIODetectionMode.h */ = {isa = PBXFileReference; fileEncoding = 4; lastKnownFileType = sourcecode.c.h; path = CardIODetectionMode.h; sourceTree = "<group>"; };
		7232EC6C1B256E3F00AC5763 /* CardIOPaymentViewController.h */ = {isa = PBXFileReference; fileEncoding = 4; lastKnownFileType = sourcecode.c.h; path = CardIOPaymentViewController.h; sourceTree = "<group>"; };
		7232EC6D1B256E3F00AC5763 /* CardIOPaymentViewControllerDelegate.h */ = {isa = PBXFileReference; fileEncoding = 4; lastKnownFileType = sourcecode.c.h; path = CardIOPaymentViewControllerDelegate.h; sourceTree = "<group>"; };
		7232EC6E1B256E3F00AC5763 /* CardIOUtilities.h */ = {isa = PBXFileReference; fileEncoding = 4; lastKnownFileType = sourcecode.c.h; path = CardIOUtilities.h; sourceTree = "<group>"; };
		7232EC6F1B256E3F00AC5763 /* CardIOView.h */ = {isa = PBXFileReference; fileEncoding = 4; lastKnownFileType = sourcecode.c.h; path = CardIOView.h; sourceTree = "<group>"; };
		7232EC701B256E3F00AC5763 /* CardIOViewDelegate.h */ = {isa = PBXFileReference; fileEncoding = 4; lastKnownFileType = sourcecode.c.h; path = CardIOViewDelegate.h; sourceTree = "<group>"; };
		7232EC711B256E3F00AC5763 /* libPayPalMobile.a */ = {isa = PBXFileReference; lastKnownFileType = archive.ar; path = libPayPalMobile.a; sourceTree = "<group>"; };
		7232EC721B256E3F00AC5763 /* PayPalConfiguration.h */ = {isa = PBXFileReference; fileEncoding = 4; lastKnownFileType = sourcecode.c.h; path = PayPalConfiguration.h; sourceTree = "<group>"; };
		7232EC731B256E3F00AC5763 /* PayPalFuturePaymentViewController.h */ = {isa = PBXFileReference; fileEncoding = 4; lastKnownFileType = sourcecode.c.h; path = PayPalFuturePaymentViewController.h; sourceTree = "<group>"; };
		7232EC741B256E3F00AC5763 /* PayPalMobile.h */ = {isa = PBXFileReference; fileEncoding = 4; lastKnownFileType = sourcecode.c.h; path = PayPalMobile.h; sourceTree = "<group>"; };
		7232EC751B256E3F00AC5763 /* PayPalOAuthScopes.h */ = {isa = PBXFileReference; fileEncoding = 4; lastKnownFileType = sourcecode.c.h; path = PayPalOAuthScopes.h; sourceTree = "<group>"; };
		7232EC761B256E3F00AC5763 /* PayPalPayment.h */ = {isa = PBXFileReference; fileEncoding = 4; lastKnownFileType = sourcecode.c.h; path = PayPalPayment.h; sourceTree = "<group>"; };
		7232EC771B256E3F00AC5763 /* PayPalPaymentViewController.h */ = {isa = PBXFileReference; fileEncoding = 4; lastKnownFileType = sourcecode.c.h; path = PayPalPaymentViewController.h; sourceTree = "<group>"; };
		7232EC781B256E3F00AC5763 /* PayPalProfileSharingViewController.h */ = {isa = PBXFileReference; fileEncoding = 4; lastKnownFileType = sourcecode.c.h; path = PayPalProfileSharingViewController.h; sourceTree = "<group>"; };
		7232EC7A1B256E8E00AC5763 /* Accelerate.framework */ = {isa = PBXFileReference; lastKnownFileType = wrapper.framework; name = Accelerate.framework; path = System/Library/Frameworks/Accelerate.framework; sourceTree = SDKROOT; };
		7232EC7C1B256E9A00AC5763 /* AVFoundation.framework */ = {isa = PBXFileReference; lastKnownFileType = wrapper.framework; name = AVFoundation.framework; path = System/Library/Frameworks/AVFoundation.framework; sourceTree = SDKROOT; };
		7232EC7E1B256EAB00AC5763 /* CoreMedia.framework */ = {isa = PBXFileReference; lastKnownFileType = wrapper.framework; name = CoreMedia.framework; path = System/Library/Frameworks/CoreMedia.framework; sourceTree = SDKROOT; };
		7232EC801B256EB300AC5763 /* MessageUI.framework */ = {isa = PBXFileReference; lastKnownFileType = wrapper.framework; name = MessageUI.framework; path = System/Library/Frameworks/MessageUI.framework; sourceTree = SDKROOT; };
		7232EC821B256EED00AC5763 /* Betting-Bridging-Header.h */ = {isa = PBXFileReference; lastKnownFileType = sourcecode.c.h; path = "Betting-Bridging-Header.h"; sourceTree = "<group>"; };
		7232EC871B25727600AC5763 /* Social.framework */ = {isa = PBXFileReference; lastKnownFileType = wrapper.framework; name = Social.framework; path = System/Library/Frameworks/Social.framework; sourceTree = SDKROOT; };
		7232EC891B25727E00AC5763 /* Accounts.framework */ = {isa = PBXFileReference; lastKnownFileType = wrapper.framework; name = Accounts.framework; path = System/Library/Frameworks/Accounts.framework; sourceTree = SDKROOT; };
		7232EC8B1B2577CD00AC5763 /* BetPageViewController.swift */ = {isa = PBXFileReference; fileEncoding = 4; lastKnownFileType = sourcecode.swift; path = BetPageViewController.swift; sourceTree = "<group>"; };
		72BFC0FD1B1469E9005683CD /* Betting.app */ = {isa = PBXFileReference; explicitFileType = wrapper.application; includeInIndex = 0; path = Betting.app; sourceTree = BUILT_PRODUCTS_DIR; };
		72BFC1011B1469E9005683CD /* Info.plist */ = {isa = PBXFileReference; lastKnownFileType = text.plist.xml; path = Info.plist; sourceTree = "<group>"; };
		72BFC1021B1469E9005683CD /* AppDelegate.swift */ = {isa = PBXFileReference; lastKnownFileType = sourcecode.swift; path = AppDelegate.swift; sourceTree = "<group>"; };
		72BFC1091B1469E9005683CD /* Base */ = {isa = PBXFileReference; lastKnownFileType = file.storyboard; name = Base; path = Base.lproj/Main.storyboard; sourceTree = "<group>"; };
		72BFC10B1B1469E9005683CD /* Images.xcassets */ = {isa = PBXFileReference; lastKnownFileType = folder.assetcatalog; path = Images.xcassets; sourceTree = "<group>"; };
		72BFC10E1B1469E9005683CD /* Base */ = {isa = PBXFileReference; lastKnownFileType = file.xib; name = Base; path = Base.lproj/LaunchScreen.xib; sourceTree = "<group>"; };
		72BFC1141B1469E9005683CD /* BettingTests.xctest */ = {isa = PBXFileReference; explicitFileType = wrapper.cfbundle; includeInIndex = 0; path = BettingTests.xctest; sourceTree = BUILT_PRODUCTS_DIR; };
		72BFC1191B1469E9005683CD /* Info.plist */ = {isa = PBXFileReference; lastKnownFileType = text.plist.xml; path = Info.plist; sourceTree = "<group>"; };
		72BFC11A1B1469E9005683CD /* BettingTests.swift */ = {isa = PBXFileReference; lastKnownFileType = sourcecode.swift; path = BettingTests.swift; sourceTree = "<group>"; };
		72BFC1241B146E84005683CD /* SoccerTableViewCell.swift */ = {isa = PBXFileReference; fileEncoding = 4; lastKnownFileType = sourcecode.swift; name = SoccerTableViewCell.swift; path = ../SoccerTableViewCell.swift; sourceTree = "<group>"; };
		72BFC1261B146E95005683CD /* SoccerTableViewController.swift */ = {isa = PBXFileReference; fileEncoding = 4; lastKnownFileType = sourcecode.swift; path = SoccerTableViewController.swift; sourceTree = "<group>"; };
		72BFC1291B146FA4005683CD /* background 1.png */ = {isa = PBXFileReference; lastKnownFileType = image.png; path = "background 1.png"; sourceTree = "<group>"; };
		72BFC12A1B146FA4005683CD /* background 2.png */ = {isa = PBXFileReference; lastKnownFileType = image.png; path = "background 2.png"; sourceTree = "<group>"; };
		72BFC12B1B146FA4005683CD /* background 3.png */ = {isa = PBXFileReference; lastKnownFileType = image.png; path = "background 3.png"; sourceTree = "<group>"; };
		72BFC12C1B146FA4005683CD /* dota blue.png */ = {isa = PBXFileReference; lastKnownFileType = image.png; path = "dota blue.png"; sourceTree = "<group>"; };
		72BFC12D1B146FA4005683CD /* dota.png */ = {isa = PBXFileReference; lastKnownFileType = image.png; path = dota.png; sourceTree = "<group>"; };
		72BFC12E1B146FA4005683CD /* football blue.png */ = {isa = PBXFileReference; lastKnownFileType = image.png; path = "football blue.png"; sourceTree = "<group>"; };
		72BFC12F1B146FA4005683CD /* football.png */ = {isa = PBXFileReference; lastKnownFileType = image.png; path = football.png; sourceTree = "<group>"; };
		72BFC1301B146FA4005683CD /* News-Icon blue.png */ = {isa = PBXFileReference; lastKnownFileType = image.png; path = "News-Icon blue.png"; sourceTree = "<group>"; };
		72BFC1311B146FA4005683CD /* News-Icon.png */ = {isa = PBXFileReference; lastKnownFileType = image.png; path = "News-Icon.png"; sourceTree = "<group>"; };
		72BFC1321B146FA4005683CD /* settings blue.png */ = {isa = PBXFileReference; lastKnownFileType = image.png; path = "settings blue.png"; sourceTree = "<group>"; };
		72BFC1331B146FA4005683CD /* settings.png */ = {isa = PBXFileReference; lastKnownFileType = image.png; path = settings.png; sourceTree = "<group>"; };
		72BFC13F1B147E8A005683CD /* SoccerData.swift */ = {isa = PBXFileReference; fileEncoding = 4; lastKnownFileType = sourcecode.swift; path = SoccerData.swift; sourceTree = "<group>"; };
		72C249011B1D55CB0038AC71 /* DetailViewController.swift */ = {isa = PBXFileReference; fileEncoding = 4; lastKnownFileType = sourcecode.swift; path = DetailViewController.swift; sourceTree = "<group>"; };
		72C249031B1D98D30038AC71 /* DetailTableViewCell.swift */ = {isa = PBXFileReference; fileEncoding = 4; lastKnownFileType = sourcecode.swift; path = DetailTableViewCell.swift; sourceTree = "<group>"; };
		72C2D3F21B16ED5D00E5CCB0 /* SoccerMatch.swift */ = {isa = PBXFileReference; fileEncoding = 4; lastKnownFileType = sourcecode.swift; path = SoccerMatch.swift; sourceTree = "<group>"; };
		72C2D3F41B16F5ED00E5CCB0 /* SoccerLiveEvent.swift */ = {isa = PBXFileReference; fileEncoding = 4; lastKnownFileType = sourcecode.swift; path = SoccerLiveEvent.swift; sourceTree = "<group>"; };
		72CEB0CD1B1580150097B317 /* libz.dylib */ = {isa = PBXFileReference; lastKnownFileType = "compiled.mach-o.dylib"; name = libz.dylib; path = usr/lib/libz.dylib; sourceTree = SDKROOT; };
		72CEB0CF1B15801D0097B317 /* libsqlite3.dylib */ = {isa = PBXFileReference; lastKnownFileType = "compiled.mach-o.dylib"; name = libsqlite3.dylib; path = usr/lib/libsqlite3.dylib; sourceTree = SDKROOT; };
		72CEB0E31B15817F0097B317 /* CoreLocation.framework */ = {isa = PBXFileReference; lastKnownFileType = wrapper.framework; name = CoreLocation.framework; path = System/Library/Frameworks/CoreLocation.framework; sourceTree = SDKROOT; };
		72CEB0E51B15820E0097B317 /* AudioToolbox.framework */ = {isa = PBXFileReference; lastKnownFileType = wrapper.framework; name = AudioToolbox.framework; path = System/Library/Frameworks/AudioToolbox.framework; sourceTree = SDKROOT; };
		72CEB0E71B1582150097B317 /* CFNetwork.framework */ = {isa = PBXFileReference; lastKnownFileType = wrapper.framework; name = CFNetwork.framework; path = System/Library/Frameworks/CFNetwork.framework; sourceTree = SDKROOT; };
		72CEB0E91B15822D0097B317 /* MobileCoreServices.framework */ = {isa = PBXFileReference; lastKnownFileType = wrapper.framework; name = MobileCoreServices.framework; path = System/Library/Frameworks/MobileCoreServices.framework; sourceTree = SDKROOT; };
		72CEB0EB1B1582370097B317 /* CoreGraphics.framework */ = {isa = PBXFileReference; lastKnownFileType = wrapper.framework; name = CoreGraphics.framework; path = System/Library/Frameworks/CoreGraphics.framework; sourceTree = SDKROOT; };
		72CEB0ED1B15823F0097B317 /* Security.framework */ = {isa = PBXFileReference; lastKnownFileType = wrapper.framework; name = Security.framework; path = System/Library/Frameworks/Security.framework; sourceTree = SDKROOT; };
		72CEB0EF1B1582430097B317 /* QuartzCore.framework */ = {isa = PBXFileReference; lastKnownFileType = wrapper.framework; name = QuartzCore.framework; path = System/Library/Frameworks/QuartzCore.framework; sourceTree = SDKROOT; };
		72CEB0F11B15824A0097B317 /* StoreKit.framework */ = {isa = PBXFileReference; lastKnownFileType = wrapper.framework; name = StoreKit.framework; path = System/Library/Frameworks/StoreKit.framework; sourceTree = SDKROOT; };
		72CEB0F31B1582500097B317 /* SystemConfiguration.framework */ = {isa = PBXFileReference; lastKnownFileType = wrapper.framework; name = SystemConfiguration.framework; path = System/Library/Frameworks/SystemConfiguration.framework; sourceTree = SDKROOT; };
		72CEB1021B15850E0097B317 /* Bolts.framework */ = {isa = PBXFileReference; lastKnownFileType = wrapper.framework; path = Bolts.framework; sourceTree = "<group>"; };
		72CEB1031B15850E0097B317 /* Parse.framework */ = {isa = PBXFileReference; lastKnownFileType = wrapper.framework; path = Parse.framework; sourceTree = "<group>"; };
		72CEB1071B15850E0097B317 /* ParseUI.framework */ = {isa = PBXFileReference; lastKnownFileType = wrapper.framework; path = ParseUI.framework; sourceTree = "<group>"; };
		72CEB10E1B159C770097B317 /* LoginViewController.swift */ = {isa = PBXFileReference; fileEncoding = 4; lastKnownFileType = sourcecode.swift; path = LoginViewController.swift; sourceTree = "<group>"; };
/* End PBXFileReference section */

/* Begin PBXFrameworksBuildPhase section */
		72BFC0FA1B1469E9005683CD /* Frameworks */ = {
			isa = PBXFrameworksBuildPhase;
			buildActionMask = 2147483647;
			files = (
				7232EC8A1B25727E00AC5763 /* Accounts.framework in Frameworks */,
				7232EC881B25727600AC5763 /* Social.framework in Frameworks */,
				7232EC811B256EB300AC5763 /* MessageUI.framework in Frameworks */,
				7232EC7F1B256EAB00AC5763 /* CoreMedia.framework in Frameworks */,
				7232EC7D1B256E9B00AC5763 /* AVFoundation.framework in Frameworks */,
				7232EC7B1B256E8E00AC5763 /* Accelerate.framework in Frameworks */,
				72CEB0F41B1582500097B317 /* SystemConfiguration.framework in Frameworks */,
				72CEB0F21B15824A0097B317 /* StoreKit.framework in Frameworks */,
				72CEB0F01B1582430097B317 /* QuartzCore.framework in Frameworks */,
				72CEB1081B15850E0097B317 /* Bolts.framework in Frameworks */,
				72CEB0EE1B15823F0097B317 /* Security.framework in Frameworks */,
				72CEB0EC1B1582370097B317 /* CoreGraphics.framework in Frameworks */,
				72CEB1091B15850E0097B317 /* Parse.framework in Frameworks */,
				72CEB10D1B15850E0097B317 /* ParseUI.framework in Frameworks */,
				72CEB0EA1B15822D0097B317 /* MobileCoreServices.framework in Frameworks */,
				7232EC791B256E3F00AC5763 /* libPayPalMobile.a in Frameworks */,
				72CEB0E81B1582150097B317 /* CFNetwork.framework in Frameworks */,
				72CEB0E61B15820E0097B317 /* AudioToolbox.framework in Frameworks */,
				72CEB0E41B15817F0097B317 /* CoreLocation.framework in Frameworks */,
				72CEB0D01B15801D0097B317 /* libsqlite3.dylib in Frameworks */,
				72CEB0CE1B1580150097B317 /* libz.dylib in Frameworks */,
			);
			runOnlyForDeploymentPostprocessing = 0;
		};
		72BFC1111B1469E9005683CD /* Frameworks */ = {
			isa = PBXFrameworksBuildPhase;
			buildActionMask = 2147483647;
			files = (
			);
			runOnlyForDeploymentPostprocessing = 0;
		};
/* End PBXFrameworksBuildPhase section */

/* Begin PBXGroup section */
		7232EC8D1B2577DE00AC5763 /* Data */ = {
			isa = PBXGroup;
			children = (
				72BFC13F1B147E8A005683CD /* SoccerData.swift */,
				72C2D3F21B16ED5D00E5CCB0 /* SoccerMatch.swift */,
				72C2D3F41B16F5ED00E5CCB0 /* SoccerLiveEvent.swift */,
			);
			name = Data;
			sourceTree = "<group>";
		};
		72BFC0F41B1469E9005683CD = {
			isa = PBXGroup;
			children = (
				72CEB0F51B1582700097B317 /* Framework */,
				72BFC0FF1B1469E9005683CD /* Betting */,
				72BFC1171B1469E9005683CD /* BettingTests */,
				72BFC0FE1B1469E9005683CD /* Products */,
			);
			sourceTree = "<group>";
		};
		72BFC0FE1B1469E9005683CD /* Products */ = {
			isa = PBXGroup;
			children = (
				72BFC0FD1B1469E9005683CD /* Betting.app */,
				72BFC1141B1469E9005683CD /* BettingTests.xctest */,
			);
			name = Products;
			sourceTree = "<group>";
		};
		72BFC0FF1B1469E9005683CD /* Betting */ = {
			isa = PBXGroup;
			children = (
				72BFC1021B1469E9005683CD /* AppDelegate.swift */,
				72CEB10E1B159C770097B317 /* LoginViewController.swift */,
				72D960C71B205168004D6A1D /* Soccer */,
				72BFC1081B1469E9005683CD /* Main.storyboard */,
				72BFC10B1B1469E9005683CD /* Images.xcassets */,
				72BFC10D1B1469E9005683CD /* LaunchScreen.xib */,
				72BFC1001B1469E9005683CD /* Supporting Files */,
			);
			path = Betting;
			sourceTree = "<group>";
		};
		72BFC1001B1469E9005683CD /* Supporting Files */ = {
			isa = PBXGroup;
			children = (
				7232EC821B256EED00AC5763 /* Betting-Bridging-Header.h */,
				72BFC1281B146EDD005683CD /* Images */,
				72BFC1011B1469E9005683CD /* Info.plist */,
			);
			name = "Supporting Files";
			sourceTree = "<group>";
		};
		72BFC1171B1469E9005683CD /* BettingTests */ = {
			isa = PBXGroup;
			children = (
				72BFC11A1B1469E9005683CD /* BettingTests.swift */,
				72BFC1181B1469E9005683CD /* Supporting Files */,
			);
			path = BettingTests;
			sourceTree = "<group>";
		};
		72BFC1181B1469E9005683CD /* Supporting Files */ = {
			isa = PBXGroup;
			children = (
				72BFC1191B1469E9005683CD /* Info.plist */,
			);
			name = "Supporting Files";
			sourceTree = "<group>";
		};
		72BFC1281B146EDD005683CD /* Images */ = {
			isa = PBXGroup;
			children = (
				72BFC1291B146FA4005683CD /* background 1.png */,
				72BFC12A1B146FA4005683CD /* background 2.png */,
				72BFC12B1B146FA4005683CD /* background 3.png */,
				72BFC12C1B146FA4005683CD /* dota blue.png */,
				72BFC12D1B146FA4005683CD /* dota.png */,
				72BFC12E1B146FA4005683CD /* football blue.png */,
				72BFC12F1B146FA4005683CD /* football.png */,
				72BFC1301B146FA4005683CD /* News-Icon blue.png */,
				72BFC1311B146FA4005683CD /* News-Icon.png */,
				72BFC1321B146FA4005683CD /* settings blue.png */,
				72BFC1331B146FA4005683CD /* settings.png */,
			);
			name = Images;
			sourceTree = "<group>";
		};
		72CEB0F51B1582700097B317 /* Framework */ = {
			isa = PBXGroup;
			children = (
				7232EC891B25727E00AC5763 /* Accounts.framework */,
				7232EC871B25727600AC5763 /* Social.framework */,
				7232EC801B256EB300AC5763 /* MessageUI.framework */,
				7232EC7E1B256EAB00AC5763 /* CoreMedia.framework */,
				7232EC7C1B256E9A00AC5763 /* AVFoundation.framework */,
				7232EC7A1B256E8E00AC5763 /* Accelerate.framework */,
				7232EC691B256E3F00AC5763 /* CardIO.h */,
				7232EC6A1B256E3F00AC5763 /* CardIOCreditCardInfo.h */,
				7232EC6B1B256E3F00AC5763 /* CardIODetectionMode.h */,
				7232EC6C1B256E3F00AC5763 /* CardIOPaymentViewController.h */,
				7232EC6D1B256E3F00AC5763 /* CardIOPaymentViewControllerDelegate.h */,
				7232EC6E1B256E3F00AC5763 /* CardIOUtilities.h */,
				7232EC6F1B256E3F00AC5763 /* CardIOView.h */,
				7232EC701B256E3F00AC5763 /* CardIOViewDelegate.h */,
				7232EC711B256E3F00AC5763 /* libPayPalMobile.a */,
				7232EC721B256E3F00AC5763 /* PayPalConfiguration.h */,
				7232EC731B256E3F00AC5763 /* PayPalFuturePaymentViewController.h */,
				7232EC741B256E3F00AC5763 /* PayPalMobile.h */,
				7232EC751B256E3F00AC5763 /* PayPalOAuthScopes.h */,
				7232EC761B256E3F00AC5763 /* PayPalPayment.h */,
				7232EC771B256E3F00AC5763 /* PayPalPaymentViewController.h */,
				7232EC781B256E3F00AC5763 /* PayPalProfileSharingViewController.h */,
				72CEB1021B15850E0097B317 /* Bolts.framework */,
				72CEB1031B15850E0097B317 /* Parse.framework */,
				72CEB1071B15850E0097B317 /* ParseUI.framework */,
				72CEB0F31B1582500097B317 /* SystemConfiguration.framework */,
				72CEB0F11B15824A0097B317 /* StoreKit.framework */,
				72CEB0EF1B1582430097B317 /* QuartzCore.framework */,
				72CEB0ED1B15823F0097B317 /* Security.framework */,
				72CEB0EB1B1582370097B317 /* CoreGraphics.framework */,
				72CEB0E91B15822D0097B317 /* MobileCoreServices.framework */,
				72CEB0E71B1582150097B317 /* CFNetwork.framework */,
				72CEB0E51B15820E0097B317 /* AudioToolbox.framework */,
				72CEB0E31B15817F0097B317 /* CoreLocation.framework */,
				72CEB0CF1B15801D0097B317 /* libsqlite3.dylib */,
				72CEB0CD1B1580150097B317 /* libz.dylib */,
			);
			name = Framework;
			sourceTree = "<group>";
		};
		72D960C71B205168004D6A1D /* Soccer */ = {
			isa = PBXGroup;
			children = (
				72BFC1261B146E95005683CD /* SoccerTableViewController.swift */,
				72BFC1241B146E84005683CD /* SoccerTableViewCell.swift */,
				72C249011B1D55CB0038AC71 /* DetailViewController.swift */,
				72C249031B1D98D30038AC71 /* DetailTableViewCell.swift */,
				7232EC8B1B2577CD00AC5763 /* BetPageViewController.swift */,
				7232EC8D1B2577DE00AC5763 /* Data */,
			);
			name = Soccer;
			sourceTree = "<group>";
		};
/* End PBXGroup section */

/* Begin PBXNativeTarget section */
		72BFC0FC1B1469E9005683CD /* Betting */ = {
			isa = PBXNativeTarget;
			buildConfigurationList = 72BFC11E1B1469E9005683CD /* Build configuration list for PBXNativeTarget "Betting" */;
			buildPhases = (
				72BFC0F91B1469E9005683CD /* Sources */,
				72BFC0FA1B1469E9005683CD /* Frameworks */,
				72BFC0FB1B1469E9005683CD /* Resources */,
			);
			buildRules = (
			);
			dependencies = (
			);
			name = Betting;
			productName = Betting;
			productReference = 72BFC0FD1B1469E9005683CD /* Betting.app */;
			productType = "com.apple.product-type.application";
		};
		72BFC1131B1469E9005683CD /* BettingTests */ = {
			isa = PBXNativeTarget;
			buildConfigurationList = 72BFC1211B1469E9005683CD /* Build configuration list for PBXNativeTarget "BettingTests" */;
			buildPhases = (
				72BFC1101B1469E9005683CD /* Sources */,
				72BFC1111B1469E9005683CD /* Frameworks */,
				72BFC1121B1469E9005683CD /* Resources */,
			);
			buildRules = (
			);
			dependencies = (
				72BFC1161B1469E9005683CD /* PBXTargetDependency */,
			);
			name = BettingTests;
			productName = BettingTests;
			productReference = 72BFC1141B1469E9005683CD /* BettingTests.xctest */;
			productType = "com.apple.product-type.bundle.unit-test";
		};
/* End PBXNativeTarget section */

/* Begin PBXProject section */
		72BFC0F51B1469E9005683CD /* Project object */ = {
			isa = PBXProject;
			attributes = {
				LastUpgradeCheck = 0630;
				ORGANIZATIONNAME = Myantel;
				TargetAttributes = {
					72BFC0FC1B1469E9005683CD = {
						CreatedOnToolsVersion = 6.3;
						DevelopmentTeam = 8935Q62QU4;
					};
					72BFC1131B1469E9005683CD = {
						CreatedOnToolsVersion = 6.3;
						DevelopmentTeam = 8935Q62QU4;
						TestTargetID = 72BFC0FC1B1469E9005683CD;
					};
				};
			};
			buildConfigurationList = 72BFC0F81B1469E9005683CD /* Build configuration list for PBXProject "Betting" */;
			compatibilityVersion = "Xcode 3.2";
			developmentRegion = English;
			hasScannedForEncodings = 0;
			knownRegions = (
				en,
				Base,
			);
			mainGroup = 72BFC0F41B1469E9005683CD;
			productRefGroup = 72BFC0FE1B1469E9005683CD /* Products */;
			projectDirPath = "";
			projectRoot = "";
			targets = (
				72BFC0FC1B1469E9005683CD /* Betting */,
				72BFC1131B1469E9005683CD /* BettingTests */,
			);
		};
/* End PBXProject section */

/* Begin PBXResourcesBuildPhase section */
		72BFC0FB1B1469E9005683CD /* Resources */ = {
			isa = PBXResourcesBuildPhase;
			buildActionMask = 2147483647;
			files = (
				72BFC13A1B146FA4005683CD /* football.png in Resources */,
				72BFC1341B146FA4005683CD /* background 1.png in Resources */,
				72BFC1391B146FA4005683CD /* football blue.png in Resources */,
				72BFC10A1B1469E9005683CD /* Main.storyboard in Resources */,
				72BFC10F1B1469E9005683CD /* LaunchScreen.xib in Resources */,
				72BFC13B1B146FA4005683CD /* News-Icon blue.png in Resources */,
				72BFC1381B146FA4005683CD /* dota.png in Resources */,
				72BFC1351B146FA4005683CD /* background 2.png in Resources */,
				72BFC13E1B146FA4005683CD /* settings.png in Resources */,
				72BFC1361B146FA4005683CD /* background 3.png in Resources */,
				72BFC10C1B1469E9005683CD /* Images.xcassets in Resources */,
				72BFC1371B146FA4005683CD /* dota blue.png in Resources */,
				72BFC13D1B146FA4005683CD /* settings blue.png in Resources */,
				72BFC13C1B146FA4005683CD /* News-Icon.png in Resources */,
			);
			runOnlyForDeploymentPostprocessing = 0;
		};
		72BFC1121B1469E9005683CD /* Resources */ = {
			isa = PBXResourcesBuildPhase;
			buildActionMask = 2147483647;
			files = (
			);
			runOnlyForDeploymentPostprocessing = 0;
		};
/* End PBXResourcesBuildPhase section */

/* Begin PBXSourcesBuildPhase section */
		72BFC0F91B1469E9005683CD /* Sources */ = {
			isa = PBXSourcesBuildPhase;
			buildActionMask = 2147483647;
			files = (
				72C249041B1D98D30038AC71 /* DetailTableViewCell.swift in Sources */,
				72BFC1401B147E8A005683CD /* SoccerData.swift in Sources */,
				72C2D3F31B16ED5D00E5CCB0 /* SoccerMatch.swift in Sources */,
				7232EC8C1B2577CD00AC5763 /* BetPageViewController.swift in Sources */,
				72BFC1271B146E95005683CD /* SoccerTableViewController.swift in Sources */,
				72BFC1251B146E84005683CD /* SoccerTableViewCell.swift in Sources */,
				72CEB10F1B159C770097B317 /* LoginViewController.swift in Sources */,
				72C2D3F51B16F5ED00E5CCB0 /* SoccerLiveEvent.swift in Sources */,
				72BFC1031B1469E9005683CD /* AppDelegate.swift in Sources */,
				72C249021B1D55CB0038AC71 /* DetailViewController.swift in Sources */,
			);
			runOnlyForDeploymentPostprocessing = 0;
		};
		72BFC1101B1469E9005683CD /* Sources */ = {
			isa = PBXSourcesBuildPhase;
			buildActionMask = 2147483647;
			files = (
				72BFC11B1B1469E9005683CD /* BettingTests.swift in Sources */,
			);
			runOnlyForDeploymentPostprocessing = 0;
		};
/* End PBXSourcesBuildPhase section */

/* Begin PBXTargetDependency section */
		72BFC1161B1469E9005683CD /* PBXTargetDependency */ = {
			isa = PBXTargetDependency;
			target = 72BFC0FC1B1469E9005683CD /* Betting */;
			targetProxy = 72BFC1151B1469E9005683CD /* PBXContainerItemProxy */;
		};
/* End PBXTargetDependency section */

/* Begin PBXVariantGroup section */
		72BFC1081B1469E9005683CD /* Main.storyboard */ = {
			isa = PBXVariantGroup;
			children = (
				72BFC1091B1469E9005683CD /* Base */,
			);
			name = Main.storyboard;
			sourceTree = "<group>";
		};
		72BFC10D1B1469E9005683CD /* LaunchScreen.xib */ = {
			isa = PBXVariantGroup;
			children = (
				72BFC10E1B1469E9005683CD /* Base */,
			);
			name = LaunchScreen.xib;
			sourceTree = "<group>";
		};
/* End PBXVariantGroup section */

/* Begin XCBuildConfiguration section */
		72BFC11C1B1469E9005683CD /* Debug */ = {
			isa = XCBuildConfiguration;
			buildSettings = {
				ALWAYS_SEARCH_USER_PATHS = NO;
				CLANG_CXX_LANGUAGE_STANDARD = "gnu++0x";
				CLANG_CXX_LIBRARY = "libc++";
				CLANG_ENABLE_MODULES = YES;
				CLANG_ENABLE_OBJC_ARC = YES;
				CLANG_WARN_BOOL_CONVERSION = YES;
				CLANG_WARN_CONSTANT_CONVERSION = YES;
				CLANG_WARN_DIRECT_OBJC_ISA_USAGE = YES_ERROR;
				CLANG_WARN_EMPTY_BODY = YES;
				CLANG_WARN_ENUM_CONVERSION = YES;
				CLANG_WARN_INT_CONVERSION = YES;
				CLANG_WARN_OBJC_ROOT_CLASS = YES_ERROR;
				CLANG_WARN_UNREACHABLE_CODE = YES;
				CLANG_WARN__DUPLICATE_METHOD_MATCH = YES;
				CODE_SIGN_IDENTITY = "iPhone Developer: Dana . (P75E63Q624)";
				"CODE_SIGN_IDENTITY[sdk=iphoneos*]" = "iPhone Developer: Dana . (P75E63Q624)";
				COPY_PHASE_STRIP = NO;
				DEBUG_INFORMATION_FORMAT = "dwarf-with-dsym";
				ENABLE_STRICT_OBJC_MSGSEND = YES;
				GCC_C_LANGUAGE_STANDARD = gnu99;
				GCC_DYNAMIC_NO_PIC = NO;
				GCC_NO_COMMON_BLOCKS = YES;
				GCC_OPTIMIZATION_LEVEL = 0;
				GCC_PREPROCESSOR_DEFINITIONS = (
					"DEBUG=1",
					"$(inherited)",
				);
				GCC_SYMBOLS_PRIVATE_EXTERN = NO;
				GCC_WARN_64_TO_32_BIT_CONVERSION = YES;
				GCC_WARN_ABOUT_RETURN_TYPE = YES_ERROR;
				GCC_WARN_UNDECLARED_SELECTOR = YES;
				GCC_WARN_UNINITIALIZED_AUTOS = YES_AGGRESSIVE;
				GCC_WARN_UNUSED_FUNCTION = YES;
				GCC_WARN_UNUSED_VARIABLE = YES;
				IPHONEOS_DEPLOYMENT_TARGET = 8.3;
				MTL_ENABLE_DEBUG_INFO = YES;
				ONLY_ACTIVE_ARCH = YES;
				SDKROOT = iphoneos;
				SWIFT_OPTIMIZATION_LEVEL = "-Onone";
				TARGETED_DEVICE_FAMILY = "1,2";
			};
			name = Debug;
		};
		72BFC11D1B1469E9005683CD /* Release */ = {
			isa = XCBuildConfiguration;
			buildSettings = {
				ALWAYS_SEARCH_USER_PATHS = NO;
				CLANG_CXX_LANGUAGE_STANDARD = "gnu++0x";
				CLANG_CXX_LIBRARY = "libc++";
				CLANG_ENABLE_MODULES = YES;
				CLANG_ENABLE_OBJC_ARC = YES;
				CLANG_WARN_BOOL_CONVERSION = YES;
				CLANG_WARN_CONSTANT_CONVERSION = YES;
				CLANG_WARN_DIRECT_OBJC_ISA_USAGE = YES_ERROR;
				CLANG_WARN_EMPTY_BODY = YES;
				CLANG_WARN_ENUM_CONVERSION = YES;
				CLANG_WARN_INT_CONVERSION = YES;
				CLANG_WARN_OBJC_ROOT_CLASS = YES_ERROR;
				CLANG_WARN_UNREACHABLE_CODE = YES;
				CLANG_WARN__DUPLICATE_METHOD_MATCH = YES;
				CODE_SIGN_IDENTITY = "iPhone Developer: Dana . (P75E63Q624)";
				"CODE_SIGN_IDENTITY[sdk=iphoneos*]" = "iPhone Developer: Dana . (P75E63Q624)";
				COPY_PHASE_STRIP = NO;
				DEBUG_INFORMATION_FORMAT = "dwarf-with-dsym";
				ENABLE_NS_ASSERTIONS = NO;
				ENABLE_STRICT_OBJC_MSGSEND = YES;
				GCC_C_LANGUAGE_STANDARD = gnu99;
				GCC_NO_COMMON_BLOCKS = YES;
				GCC_WARN_64_TO_32_BIT_CONVERSION = YES;
				GCC_WARN_ABOUT_RETURN_TYPE = YES_ERROR;
				GCC_WARN_UNDECLARED_SELECTOR = YES;
				GCC_WARN_UNINITIALIZED_AUTOS = YES_AGGRESSIVE;
				GCC_WARN_UNUSED_FUNCTION = YES;
				GCC_WARN_UNUSED_VARIABLE = YES;
				IPHONEOS_DEPLOYMENT_TARGET = 8.3;
				MTL_ENABLE_DEBUG_INFO = NO;
				SDKROOT = iphoneos;
				TARGETED_DEVICE_FAMILY = "1,2";
				VALIDATE_PRODUCT = YES;
			};
			name = Release;
		};
		72BFC11F1B1469E9005683CD /* Debug */ = {
			isa = XCBuildConfiguration;
			buildSettings = {
				ASSETCATALOG_COMPILER_APPICON_NAME = AppIcon;
				CLANG_ENABLE_MODULES = YES;
				CODE_SIGN_IDENTITY = "iPhone Developer: Dana . (P75E63Q624)";
				"CODE_SIGN_IDENTITY[sdk=iphoneos*]" = "iPhone Developer: Dana . (P75E63Q624)";
				FRAMEWORK_SEARCH_PATHS = (
					"$(inherited)",
					"$(PROJECT_DIR)",
				);
				INFOPLIST_FILE = Betting/Info.plist;
				IPHONEOS_DEPLOYMENT_TARGET = 8.1;
				LD_RUNPATH_SEARCH_PATHS = "$(inherited) @executable_path/Frameworks";
				LIBRARY_SEARCH_PATHS = (
					"$(inherited)",
					"$(PROJECT_DIR)",
				);
				OTHER_LDFLAGS = (
					"-lc++",
					"-ObjC",
				);
				PRODUCT_NAME = "$(TARGET_NAME)";
				PROVISIONING_PROFILE = "ba656b78-57d1-4fac-9e25-2cc2f2229e95";
				SWIFT_OBJC_BRIDGING_HEADER = "Betting/Betting-Bridging-Header.h";
				SWIFT_OPTIMIZATION_LEVEL = "-Onone";
			};
			name = Debug;
		};
		72BFC1201B1469E9005683CD /* Release */ = {
			isa = XCBuildConfiguration;
			buildSettings = {
				ASSETCATALOG_COMPILER_APPICON_NAME = AppIcon;
				CLANG_ENABLE_MODULES = YES;
				CODE_SIGN_IDENTITY = "iPhone Developer: Dana . (P75E63Q624)";
				"CODE_SIGN_IDENTITY[sdk=iphoneos*]" = "iPhone Developer: Dana . (P75E63Q624)";
				FRAMEWORK_SEARCH_PATHS = (
					"$(inherited)",
					"$(PROJECT_DIR)",
				);
				INFOPLIST_FILE = Betting/Info.plist;
				IPHONEOS_DEPLOYMENT_TARGET = 8.1;
				LD_RUNPATH_SEARCH_PATHS = "$(inherited) @executable_path/Frameworks";
				LIBRARY_SEARCH_PATHS = (
					"$(inherited)",
					"$(PROJECT_DIR)",
				);
				OTHER_LDFLAGS = (
					"-lc++",
					"-ObjC",
				);
				PRODUCT_NAME = "$(TARGET_NAME)";
				PROVISIONING_PROFILE = "ba656b78-57d1-4fac-9e25-2cc2f2229e95";
				SWIFT_OBJC_BRIDGING_HEADER = "Betting/Betting-Bridging-Header.h";
			};
			name = Release;
		};
		72BFC1221B1469E9005683CD /* Debug */ = {
			isa = XCBuildConfiguration;
			buildSettings = {
				BUNDLE_LOADER = "$(TEST_HOST)";
				CODE_SIGN_IDENTITY = "iPhone Developer";
				"CODE_SIGN_IDENTITY[sdk=iphoneos*]" = "iPhone Developer";
				FRAMEWORK_SEARCH_PATHS = (
					"$(SDKROOT)/Developer/Library/Frameworks",
					"$(inherited)",
				);
				GCC_PREPROCESSOR_DEFINITIONS = (
					"DEBUG=1",
					"$(inherited)",
				);
				INFOPLIST_FILE = BettingTests/Info.plist;
				IPHONEOS_DEPLOYMENT_TARGET = 8.1;
				LD_RUNPATH_SEARCH_PATHS = "$(inherited) @executable_path/Frameworks @loader_path/Frameworks";
				PRODUCT_NAME = "$(TARGET_NAME)";
				PROVISIONING_PROFILE = "";
				TEST_HOST = "$(BUILT_PRODUCTS_DIR)/Betting.app/Betting";
			};
			name = Debug;
		};
		72BFC1231B1469E9005683CD /* Release */ = {
			isa = XCBuildConfiguration;
			buildSettings = {
				BUNDLE_LOADER = "$(TEST_HOST)";
				CODE_SIGN_IDENTITY = "iPhone Developer";
				"CODE_SIGN_IDENTITY[sdk=iphoneos*]" = "iPhone Developer";
				FRAMEWORK_SEARCH_PATHS = (
					"$(SDKROOT)/Developer/Library/Frameworks",
					"$(inherited)",
				);
				INFOPLIST_FILE = BettingTests/Info.plist;
				IPHONEOS_DEPLOYMENT_TARGET = 8.1;
				LD_RUNPATH_SEARCH_PATHS = "$(inherited) @executable_path/Frameworks @loader_path/Frameworks";
				PRODUCT_NAME = "$(TARGET_NAME)";
				PROVISIONING_PROFILE = "";
				TEST_HOST = "$(BUILT_PRODUCTS_DIR)/Betting.app/Betting";
			};
			name = Release;
		};
/* End XCBuildConfiguration section */

/* Begin XCConfigurationList section */
		72BFC0F81B1469E9005683CD /* Build configuration list for PBXProject "Betting" */ = {
			isa = XCConfigurationList;
			buildConfigurations = (
				72BFC11C1B1469E9005683CD /* Debug */,
				72BFC11D1B1469E9005683CD /* Release */,
			);
			defaultConfigurationIsVisible = 0;
			defaultConfigurationName = Release;
		};
		72BFC11E1B1469E9005683CD /* Build configuration list for PBXNativeTarget "Betting" */ = {
			isa = XCConfigurationList;
			buildConfigurations = (
				72BFC11F1B1469E9005683CD /* Debug */,
				72BFC1201B1469E9005683CD /* Release */,
			);
			defaultConfigurationIsVisible = 0;
			defaultConfigurationName = Release;
		};
		72BFC1211B1469E9005683CD /* Build configuration list for PBXNativeTarget "BettingTests" */ = {
			isa = XCConfigurationList;
			buildConfigurations = (
				72BFC1221B1469E9005683CD /* Debug */,
				72BFC1231B1469E9005683CD /* Release */,
			);
			defaultConfigurationIsVisible = 0;
			defaultConfigurationName = Release;
		};
/* End XCConfigurationList section */
	};
	rootObject = 72BFC0F51B1469E9005683CD /* Project object */;
}
